
Microsoft Visual Studio Solution File, Format Version 12.00
# Visual Studio Version 17
VisualStudioVersion = 17.3.32929.385
MinimumVisualStudioVersion = 10.0.40219.1
Project("{FAE04EC0-301F-11D3-BF4B-00C04F79EFBC}") = "Uppgift 5.3", "Uppgift 5.3\Uppgift 5.3.csproj", "{9148D4F6-BB06-441C-9705-7D207F85D835}"
EndProject
Global
	GlobalSection(SolutionConfigurationPlatforms) = preSolution
		Debug|Any CPU = Debug|Any CPU
		Release|Any CPU = Release|Any CPU
	EndGlobalSection
	GlobalSection(ProjectConfigurationPlatforms) = postSolution
		{9148D4F6-BB06-441C-9705-7D207F85D835}.Debug|Any CPU.ActiveCfg = Debug|Any CPU
		{9148D4F6-BB06-441C-9705-7D207F85D835}.Debug|Any CPU.Build.0 = Debug|Any CPU
		{9148D4F6-BB06-441C-9705-7D207F85D835}.Release|Any CPU.ActiveCfg = Release|Any CPU
		{9148D4F6-BB06-441C-9705-7D207F85D835}.Release|Any CPU.Build.0 = Release|Any CPU
	EndGlobalSection
	GlobalSection(SolutionProperties) = preSolution
		HideSolutionNode = FALSE
	EndGlobalSection
	GlobalSection(ExtensibilityGlobals) = postSolution
		SolutionGuid = {0E10B303-3ED6-4FEC-A3A2-36A287E4EDE7}
	EndGlobalSection
EndGlobal
